
Microsoft Visual Studio Solution File, Format Version 12.00
# Visual Studio Version 17
VisualStudioVersion = 17.5.002.0
MinimumVisualStudioVersion = 10.0.40219.1
Project("{9A19103F-16F7-4668-BE54-9A1E7A4F7556}") = "DesafioPOO", "DesafioPOO.csproj", "{AEDBBFE5-50A7-422C-A9F1-FAF83A54614C}"
EndProject
Global
	GlobalSection(SolutionConfigurationPlatforms) = preSolution
		Debug|Any CPU = Debug|Any CPU
		Release|Any CPU = Release|Any CPU
	EndGlobalSection
	GlobalSection(ProjectConfigurationPlatforms) = postSolution
		{AEDBBFE5-50A7-422C-A9F1-FAF83A54614C}.Debug|Any CPU.ActiveCfg = Debug|Any CPU
		{AEDBBFE5-50A7-422C-A9F1-FAF83A54614C}.Debug|Any CPU.Build.0 = Debug|Any CPU
		{AEDBBFE5-50A7-422C-A9F1-FAF83A54614C}.Release|Any CPU.ActiveCfg = Release|Any CPU
		{AEDBBFE5-50A7-422C-A9F1-FAF83A54614C}.Release|Any CPU.Build.0 = Release|Any CPU
	EndGlobalSection
	GlobalSection(SolutionProperties) = preSolution
		HideSolutionNode = FALSE
	EndGlobalSection
	GlobalSection(ExtensibilityGlobals) = postSolution
		SolutionGuid = {EFDBBA59-9037-4E22-8F78-90F741B705A0}
	EndGlobalSection
EndGlobal
